
Microsoft Visual Studio Solution File, Format Version 12.00
# Visual Studio 15
VisualStudioVersion = 15.0.26823.1
MinimumVisualStudioVersion = 10.0.40219.1
Project("{FAE04EC0-301F-11D3-BF4B-00C04F79EFBC}") = "ReactiveWebsocket.Android.Samples", "ReactiveWebsocket.Samples.Android\ReactiveWebsocket.Android.Samples.csproj", "{1F1A7088-1DBB-4BD0-AB20-995E85C8C990}"
EndProject
Project("{FAE04EC0-301F-11D3-BF4B-00C04F79EFBC}") = "ReactiveWebsocket.Desktop.Samples", "ReactiveWebsocket.Samples.Desktop\ReactiveWebsocket.Desktop.Samples.csproj", "{173734E3-49D8-4E04-BBE9-A922176BDFD9}"
EndProject
Project("{2150E333-8FDC-42A3-9474-1A3956D46DE8}") = "XamarinForms", "XamarinForms", "{B48A1775-8785-465D-B4FA-4C44D4E24894}"
EndProject
Project("{FAE04EC0-301F-11D3-BF4B-00C04F79EFBC}") = "ReactiveWebsocket.Sample.Android", "ReactiveWebsocket.Sample\ReactiveWebsocket.Sample.Android\ReactiveWebsocket.Sample.Android.csproj", "{57158AE6-6D55-4AB4-83C4-F16A013161C9}"
EndProject
Project("{FAE04EC0-301F-11D3-BF4B-00C04F79EFBC}") = "ReactiveWebsocket.Sample.iOS", "ReactiveWebsocket.Sample\ReactiveWebsocket.Sample.iOS\ReactiveWebsocket.Sample.iOS.csproj", "{C4254ED0-AC21-42BA-A5FA-7DFAEBE04CDC}"
EndProject
Project("{FAE04EC0-301F-11D3-BF4B-00C04F79EFBC}") = "ReactiveWebsocket.Sample.Core", "ReactiveWebsocket.Sample.Core\ReactiveWebsocket.Sample.Core.csproj", "{FA779425-8D0B-46A9-B9B6-8DE880938720}"
EndProject
Project("{FAE04EC0-301F-11D3-BF4B-00C04F79EFBC}") = "ReactiveWebsocket.Samples.SharedViews", "ReactiveWebsocket.Samples.SharedViews\ReactiveWebsocket.Samples.SharedViews.csproj", "{CA0E55FF-1CEA-4142-ABD5-138110F79478}"
EndProject
Global
	GlobalSection(SolutionConfigurationPlatforms) = preSolution
		Ad-Hoc|Any CPU = Ad-Hoc|Any CPU
		Ad-Hoc|ARM = Ad-Hoc|ARM
		Ad-Hoc|iPhone = Ad-Hoc|iPhone
		Ad-Hoc|iPhoneSimulator = Ad-Hoc|iPhoneSimulator
		Ad-Hoc|x64 = Ad-Hoc|x64
		Ad-Hoc|x86 = Ad-Hoc|x86
		AppStore|Any CPU = AppStore|Any CPU
		AppStore|ARM = AppStore|ARM
		AppStore|iPhone = AppStore|iPhone
		AppStore|iPhoneSimulator = AppStore|iPhoneSimulator
		AppStore|x64 = AppStore|x64
		AppStore|x86 = AppStore|x86
		Debug|Any CPU = Debug|Any CPU
		Debug|ARM = Debug|ARM
		Debug|iPhone = Debug|iPhone
		Debug|iPhoneSimulator = Debug|iPhoneSimulator
		Debug|x64 = Debug|x64
		Debug|x86 = Debug|x86
		Release|Any CPU = Release|Any CPU
		Release|ARM = Release|ARM
		Release|iPhone = Release|iPhone
		Release|iPhoneSimulator = Release|iPhoneSimulator
		Release|x64 = Release|x64
		Release|x86 = Release|x86
	EndGlobalSection
	GlobalSection(ProjectConfigurationPlatforms) = postSolution
		{1F1A7088-1DBB-4BD0-AB20-995E85C8C990}.Ad-Hoc|Any CPU.ActiveCfg = Release|Any CPU
		{1F1A7088-1DBB-4BD0-AB20-995E85C8C990}.Ad-Hoc|Any CPU.Build.0 = Release|Any CPU
		{1F1A7088-1DBB-4BD0-AB20-995E85C8C990}.Ad-Hoc|Any CPU.Deploy.0 = Release|Any CPU
		{1F1A7088-1DBB-4BD0-AB20-995E85C8C990}.Ad-Hoc|ARM.ActiveCfg = Release|Any CPU
		{1F1A7088-1DBB-4BD0-AB20-995E85C8C990}.Ad-Hoc|ARM.Build.0 = Release|Any CPU
		{1F1A7088-1DBB-4BD0-AB20-995E85C8C990}.Ad-Hoc|ARM.Deploy.0 = Release|Any CPU
		{1F1A7088-1DBB-4BD0-AB20-995E85C8C990}.Ad-Hoc|iPhone.ActiveCfg = Release|Any CPU
		{1F1A7088-1DBB-4BD0-AB20-995E85C8C990}.Ad-Hoc|iPhone.Build.0 = Release|Any CPU
		{1F1A7088-1DBB-4BD0-AB20-995E85C8C990}.Ad-Hoc|iPhone.Deploy.0 = Release|Any CPU
		{1F1A7088-1DBB-4BD0-AB20-995E85C8C990}.Ad-Hoc|iPhoneSimulator.ActiveCfg = Release|Any CPU
		{1F1A7088-1DBB-4BD0-AB20-995E85C8C990}.Ad-Hoc|iPhoneSimulator.Build.0 = Release|Any CPU
		{1F1A7088-1DBB-4BD0-AB20-995E85C8C990}.Ad-Hoc|iPhoneSimulator.Deploy.0 = Release|Any CPU
		{1F1A7088-1DBB-4BD0-AB20-995E85C8C990}.Ad-Hoc|x64.ActiveCfg = Release|Any CPU
		{1F1A7088-1DBB-4BD0-AB20-995E85C8C990}.Ad-Hoc|x64.Build.0 = Release|Any CPU
		{1F1A7088-1DBB-4BD0-AB20-995E85C8C990}.Ad-Hoc|x64.Deploy.0 = Release|Any CPU
		{1F1A7088-1DBB-4BD0-AB20-995E85C8C990}.Ad-Hoc|x86.ActiveCfg = Release|Any CPU
		{1F1A7088-1DBB-4BD0-AB20-995E85C8C990}.Ad-Hoc|x86.Build.0 = Release|Any CPU
		{1F1A7088-1DBB-4BD0-AB20-995E85C8C990}.Ad-Hoc|x86.Deploy.0 = Release|Any CPU
		{1F1A7088-1DBB-4BD0-AB20-995E85C8C990}.AppStore|Any CPU.ActiveCfg = Release|Any CPU
		{1F1A7088-1DBB-4BD0-AB20-995E85C8C990}.AppStore|Any CPU.Build.0 = Release|Any CPU
		{1F1A7088-1DBB-4BD0-AB20-995E85C8C990}.AppStore|Any CPU.Deploy.0 = Release|Any CPU
		{1F1A7088-1DBB-4BD0-AB20-995E85C8C990}.AppStore|ARM.ActiveCfg = Release|Any CPU
		{1F1A7088-1DBB-4BD0-AB20-995E85C8C990}.AppStore|ARM.Build.0 = Release|Any CPU
		{1F1A7088-1DBB-4BD0-AB20-995E85C8C990}.AppStore|ARM.Deploy.0 = Release|Any CPU
		{1F1A7088-1DBB-4BD0-AB20-995E85C8C990}.AppStore|iPhone.ActiveCfg = Release|Any CPU
		{1F1A7088-1DBB-4BD0-AB20-995E85C8C990}.AppStore|iPhone.Build.0 = Release|Any CPU
		{1F1A7088-1DBB-4BD0-AB20-995E85C8C990}.AppStore|iPhone.Deploy.0 = Release|Any CPU
		{1F1A7088-1DBB-4BD0-AB20-995E85C8C990}.AppStore|iPhoneSimulator.ActiveCfg = Release|Any CPU
		{1F1A7088-1DBB-4BD0-AB20-995E85C8C990}.AppStore|iPhoneSimulator.Build.0 = Release|Any CPU
		{1F1A7088-1DBB-4BD0-AB20-995E85C8C990}.AppStore|iPhoneSimulator.Deploy.0 = Release|Any CPU
		{1F1A7088-1DBB-4BD0-AB20-995E85C8C990}.AppStore|x64.ActiveCfg = Release|Any CPU
		{1F1A7088-1DBB-4BD0-AB20-995E85C8C990}.AppStore|x64.Build.0 = Release|Any CPU
		{1F1A7088-1DBB-4BD0-AB20-995E85C8C990}.AppStore|x64.Deploy.0 = Release|Any CPU
		{1F1A7088-1DBB-4BD0-AB20-995E85C8C990}.AppStore|x86.ActiveCfg = Release|Any CPU
		{1F1A7088-1DBB-4BD0-AB20-995E85C8C990}.AppStore|x86.Build.0 = Release|Any CPU
		{1F1A7088-1DBB-4BD0-AB20-995E85C8C990}.AppStore|x86.Deploy.0 = Release|Any CPU
		{1F1A7088-1DBB-4BD0-AB20-995E85C8C990}.Debug|Any CPU.ActiveCfg = Debug|Any CPU
		{1F1A7088-1DBB-4BD0-AB20-995E85C8C990}.Debug|Any CPU.Build.0 = Debug|Any CPU
		{1F1A7088-1DBB-4BD0-AB20-995E85C8C990}.Debug|Any CPU.Deploy.0 = Debug|Any CPU
		{1F1A7088-1DBB-4BD0-AB20-995E85C8C990}.Debug|ARM.ActiveCfg = Debug|Any CPU
		{1F1A7088-1DBB-4BD0-AB20-995E85C8C990}.Debug|ARM.Build.0 = Debug|Any CPU
		{1F1A7088-1DBB-4BD0-AB20-995E85C8C990}.Debug|ARM.Deploy.0 = Debug|Any CPU
		{1F1A7088-1DBB-4BD0-AB20-995E85C8C990}.Debug|iPhone.ActiveCfg = Debug|Any CPU
		{1F1A7088-1DBB-4BD0-AB20-995E85C8C990}.Debug|iPhone.Build.0 = Debug|Any CPU
		{1F1A7088-1DBB-4BD0-AB20-995E85C8C990}.Debug|iPhone.Deploy.0 = Debug|Any CPU
		{1F1A7088-1DBB-4BD0-AB20-995E85C8C990}.Debug|iPhoneSimulator.ActiveCfg = Debug|Any CPU
		{1F1A7088-1DBB-4BD0-AB20-995E85C8C990}.Debug|iPhoneSimulator.Build.0 = Debug|Any CPU
		{1F1A7088-1DBB-4BD0-AB20-995E85C8C990}.Debug|iPhoneSimulator.Deploy.0 = Debug|Any CPU
		{1F1A7088-1DBB-4BD0-AB20-995E85C8C990}.Debug|x64.ActiveCfg = Debug|Any CPU
		{1F1A7088-1DBB-4BD0-AB20-995E85C8C990}.Debug|x64.Build.0 = Debug|Any CPU
		{1F1A7088-1DBB-4BD0-AB20-995E85C8C990}.Debug|x64.Deploy.0 = Debug|Any CPU
		{1F1A7088-1DBB-4BD0-AB20-995E85C8C990}.Debug|x86.ActiveCfg = Debug|Any CPU
		{1F1A7088-1DBB-4BD0-AB20-995E85C8C990}.Debug|x86.Build.0 = Debug|Any CPU
		{1F1A7088-1DBB-4BD0-AB20-995E85C8C990}.Debug|x86.Deploy.0 = Debug|Any CPU
		{1F1A7088-1DBB-4BD0-AB20-995E85C8C990}.Release|Any CPU.ActiveCfg = Release|Any CPU
		{1F1A7088-1DBB-4BD0-AB20-995E85C8C990}.Release|Any CPU.Build.0 = Release|Any CPU
		{1F1A7088-1DBB-4BD0-AB20-995E85C8C990}.Release|Any CPU.Deploy.0 = Release|Any CPU
		{1F1A7088-1DBB-4BD0-AB20-995E85C8C990}.Release|ARM.ActiveCfg = Release|Any CPU
		{1F1A7088-1DBB-4BD0-AB20-995E85C8C990}.Release|ARM.Build.0 = Release|Any CPU
		{1F1A7088-1DBB-4BD0-AB20-995E85C8C990}.Release|ARM.Deploy.0 = Release|Any CPU
		{1F1A7088-1DBB-4BD0-AB20-995E85C8C990}.Release|iPhone.ActiveCfg = Release|Any CPU
		{1F1A7088-1DBB-4BD0-AB20-995E85C8C990}.Release|iPhone.Build.0 = Release|Any CPU
		{1F1A7088-1DBB-4BD0-AB20-995E85C8C990}.Release|iPhone.Deploy.0 = Release|Any CPU
		{1F1A7088-1DBB-4BD0-AB20-995E85C8C990}.Release|iPhoneSimulator.ActiveCfg = Release|Any CPU
		{1F1A7088-1DBB-4BD0-AB20-995E85C8C990}.Release|iPhoneSimulator.Build.0 = Release|Any CPU
		{1F1A7088-1DBB-4BD0-AB20-995E85C8C990}.Release|iPhoneSimulator.Deploy.0 = Release|Any CPU
		{1F1A7088-1DBB-4BD0-AB20-995E85C8C990}.Release|x64.ActiveCfg = Release|Any CPU
		{1F1A7088-1DBB-4BD0-AB20-995E85C8C990}.Release|x64.Build.0 = Release|Any CPU
		{1F1A7088-1DBB-4BD0-AB20-995E85C8C990}.Release|x64.Deploy.0 = Release|Any CPU
		{1F1A7088-1DBB-4BD0-AB20-995E85C8C990}.Release|x86.ActiveCfg = Release|Any CPU
		{1F1A7088-1DBB-4BD0-AB20-995E85C8C990}.Release|x86.Build.0 = Release|Any CPU
		{1F1A7088-1DBB-4BD0-AB20-995E85C8C990}.Release|x86.Deploy.0 = Release|Any CPU
		{173734E3-49D8-4E04-BBE9-A922176BDFD9}.Ad-Hoc|Any CPU.ActiveCfg = Release|Any CPU
		{173734E3-49D8-4E04-BBE9-A922176BDFD9}.Ad-Hoc|Any CPU.Build.0 = Release|Any CPU
		{173734E3-49D8-4E04-BBE9-A922176BDFD9}.Ad-Hoc|ARM.ActiveCfg = Release|Any CPU
		{173734E3-49D8-4E04-BBE9-A922176BDFD9}.Ad-Hoc|ARM.Build.0 = Release|Any CPU
		{173734E3-49D8-4E04-BBE9-A922176BDFD9}.Ad-Hoc|iPhone.ActiveCfg = Release|Any CPU
		{173734E3-49D8-4E04-BBE9-A922176BDFD9}.Ad-Hoc|iPhone.Build.0 = Release|Any CPU
		{173734E3-49D8-4E04-BBE9-A922176BDFD9}.Ad-Hoc|iPhoneSimulator.ActiveCfg = Release|Any CPU
		{173734E3-49D8-4E04-BBE9-A922176BDFD9}.Ad-Hoc|iPhoneSimulator.Build.0 = Release|Any CPU
		{173734E3-49D8-4E04-BBE9-A922176BDFD9}.Ad-Hoc|x64.ActiveCfg = Release|Any CPU
		{173734E3-49D8-4E04-BBE9-A922176BDFD9}.Ad-Hoc|x64.Build.0 = Release|Any CPU
		{173734E3-49D8-4E04-BBE9-A922176BDFD9}.Ad-Hoc|x86.ActiveCfg = Release|Any CPU
		{173734E3-49D8-4E04-BBE9-A922176BDFD9}.Ad-Hoc|x86.Build.0 = Release|Any CPU
		{173734E3-49D8-4E04-BBE9-A922176BDFD9}.AppStore|Any CPU.ActiveCfg = Release|Any CPU
		{173734E3-49D8-4E04-BBE9-A922176BDFD9}.AppStore|Any CPU.Build.0 = Release|Any CPU
		{173734E3-49D8-4E04-BBE9-A922176BDFD9}.AppStore|ARM.ActiveCfg = Release|Any CPU
		{173734E3-49D8-4E04-BBE9-A922176BDFD9}.AppStore|ARM.Build.0 = Release|Any CPU
		{173734E3-49D8-4E04-BBE9-A922176BDFD9}.AppStore|iPhone.ActiveCfg = Release|Any CPU
		{173734E3-49D8-4E04-BBE9-A922176BDFD9}.AppStore|iPhone.Build.0 = Release|Any CPU
		{173734E3-49D8-4E04-BBE9-A922176BDFD9}.AppStore|iPhoneSimulator.ActiveCfg = Release|Any CPU
		{173734E3-49D8-4E04-BBE9-A922176BDFD9}.AppStore|iPhoneSimulator.Build.0 = Release|Any CPU
		{173734E3-49D8-4E04-BBE9-A922176BDFD9}.AppStore|x64.ActiveCfg = Release|Any CPU
		{173734E3-49D8-4E04-BBE9-A922176BDFD9}.AppStore|x64.Build.0 = Release|Any CPU
		{173734E3-49D8-4E04-BBE9-A922176BDFD9}.AppStore|x86.ActiveCfg = Release|Any CPU
		{173734E3-49D8-4E04-BBE9-A922176BDFD9}.AppStore|x86.Build.0 = Release|Any CPU
		{173734E3-49D8-4E04-BBE9-A922176BDFD9}.Debug|Any CPU.ActiveCfg = Debug|Any CPU
		{173734E3-49D8-4E04-BBE9-A922176BDFD9}.Debug|Any CPU.Build.0 = Debug|Any CPU
		{173734E3-49D8-4E04-BBE9-A922176BDFD9}.Debug|ARM.ActiveCfg = Debug|Any CPU
		{173734E3-49D8-4E04-BBE9-A922176BDFD9}.Debug|ARM.Build.0 = Debug|Any CPU
		{173734E3-49D8-4E04-BBE9-A922176BDFD9}.Debug|iPhone.ActiveCfg = Debug|Any CPU
		{173734E3-49D8-4E04-BBE9-A922176BDFD9}.Debug|iPhone.Build.0 = Debug|Any CPU
		{173734E3-49D8-4E04-BBE9-A922176BDFD9}.Debug|iPhoneSimulator.ActiveCfg = Debug|Any CPU
		{173734E3-49D8-4E04-BBE9-A922176BDFD9}.Debug|iPhoneSimulator.Build.0 = Debug|Any CPU
		{173734E3-49D8-4E04-BBE9-A922176BDFD9}.Debug|x64.ActiveCfg = Debug|Any CPU
		{173734E3-49D8-4E04-BBE9-A922176BDFD9}.Debug|x64.Build.0 = Debug|Any CPU
		{173734E3-49D8-4E04-BBE9-A922176BDFD9}.Debug|x86.ActiveCfg = Debug|Any CPU
		{173734E3-49D8-4E04-BBE9-A922176BDFD9}.Debug|x86.Build.0 = Debug|Any CPU
		{173734E3-49D8-4E04-BBE9-A922176BDFD9}.Release|Any CPU.ActiveCfg = Release|Any CPU
		{173734E3-49D8-4E04-BBE9-A922176BDFD9}.Release|Any CPU.Build.0 = Release|Any CPU
		{173734E3-49D8-4E04-BBE9-A922176BDFD9}.Release|ARM.ActiveCfg = Release|Any CPU
		{173734E3-49D8-4E04-BBE9-A922176BDFD9}.Release|ARM.Build.0 = Release|Any CPU
		{173734E3-49D8-4E04-BBE9-A922176BDFD9}.Release|iPhone.ActiveCfg = Release|Any CPU
		{173734E3-49D8-4E04-BBE9-A922176BDFD9}.Release|iPhone.Build.0 = Release|Any CPU
		{173734E3-49D8-4E04-BBE9-A922176BDFD9}.Release|iPhoneSimulator.ActiveCfg = Release|Any CPU
		{173734E3-49D8-4E04-BBE9-A922176BDFD9}.Release|iPhoneSimulator.Build.0 = Release|Any CPU
		{173734E3-49D8-4E04-BBE9-A922176BDFD9}.Release|x64.ActiveCfg = Release|Any CPU
		{173734E3-49D8-4E04-BBE9-A922176BDFD9}.Release|x64.Build.0 = Release|Any CPU
		{173734E3-49D8-4E04-BBE9-A922176BDFD9}.Release|x86.ActiveCfg = Release|Any CPU
		{173734E3-49D8-4E04-BBE9-A922176BDFD9}.Release|x86.Build.0 = Release|Any CPU
		{57158AE6-6D55-4AB4-83C4-F16A013161C9}.Ad-Hoc|Any CPU.ActiveCfg = Release|Any CPU
		{57158AE6-6D55-4AB4-83C4-F16A013161C9}.Ad-Hoc|Any CPU.Build.0 = Release|Any CPU
		{57158AE6-6D55-4AB4-83C4-F16A013161C9}.Ad-Hoc|Any CPU.Deploy.0 = Release|Any CPU
		{57158AE6-6D55-4AB4-83C4-F16A013161C9}.Ad-Hoc|ARM.ActiveCfg = Release|Any CPU
		{57158AE6-6D55-4AB4-83C4-F16A013161C9}.Ad-Hoc|ARM.Build.0 = Release|Any CPU
		{57158AE6-6D55-4AB4-83C4-F16A013161C9}.Ad-Hoc|ARM.Deploy.0 = Release|Any CPU
		{57158AE6-6D55-4AB4-83C4-F16A013161C9}.Ad-Hoc|iPhone.ActiveCfg = Release|Any CPU
		{57158AE6-6D55-4AB4-83C4-F16A013161C9}.Ad-Hoc|iPhone.Build.0 = Release|Any CPU
		{57158AE6-6D55-4AB4-83C4-F16A013161C9}.Ad-Hoc|iPhone.Deploy.0 = Release|Any CPU
		{57158AE6-6D55-4AB4-83C4-F16A013161C9}.Ad-Hoc|iPhoneSimulator.ActiveCfg = Release|Any CPU
		{57158AE6-6D55-4AB4-83C4-F16A013161C9}.Ad-Hoc|iPhoneSimulator.Build.0 = Release|Any CPU
		{57158AE6-6D55-4AB4-83C4-F16A013161C9}.Ad-Hoc|iPhoneSimulator.Deploy.0 = Release|Any CPU
		{57158AE6-6D55-4AB4-83C4-F16A013161C9}.Ad-Hoc|x64.ActiveCfg = Release|Any CPU
		{57158AE6-6D55-4AB4-83C4-F16A013161C9}.Ad-Hoc|x64.Build.0 = Release|Any CPU
		{57158AE6-6D55-4AB4-83C4-F16A013161C9}.Ad-Hoc|x64.Deploy.0 = Release|Any CPU
		{57158AE6-6D55-4AB4-83C4-F16A013161C9}.Ad-Hoc|x86.ActiveCfg = Release|Any CPU
		{57158AE6-6D55-4AB4-83C4-F16A013161C9}.Ad-Hoc|x86.Build.0 = Release|Any CPU
		{57158AE6-6D55-4AB4-83C4-F16A013161C9}.Ad-Hoc|x86.Deploy.0 = Release|Any CPU
		{57158AE6-6D55-4AB4-83C4-F16A013161C9}.AppStore|Any CPU.ActiveCfg = Release|Any CPU
		{57158AE6-6D55-4AB4-83C4-F16A013161C9}.AppStore|Any CPU.Build.0 = Release|Any CPU
		{57158AE6-6D55-4AB4-83C4-F16A013161C9}.AppStore|Any CPU.Deploy.0 = Release|Any CPU
		{57158AE6-6D55-4AB4-83C4-F16A013161C9}.AppStore|ARM.ActiveCfg = Release|Any CPU
		{57158AE6-6D55-4AB4-83C4-F16A013161C9}.AppStore|ARM.Build.0 = Release|Any CPU
		{57158AE6-6D55-4AB4-83C4-F16A013161C9}.AppStore|ARM.Deploy.0 = Release|Any CPU
		{57158AE6-6D55-4AB4-83C4-F16A013161C9}.AppStore|iPhone.ActiveCfg = Release|Any CPU
		{57158AE6-6D55-4AB4-83C4-F16A013161C9}.AppStore|iPhone.Build.0 = Release|Any CPU
		{57158AE6-6D55-4AB4-83C4-F16A013161C9}.AppStore|iPhone.Deploy.0 = Release|Any CPU
		{57158AE6-6D55-4AB4-83C4-F16A013161C9}.AppStore|iPhoneSimulator.ActiveCfg = Release|Any CPU
		{57158AE6-6D55-4AB4-83C4-F16A013161C9}.AppStore|iPhoneSimulator.Build.0 = Release|Any CPU
		{57158AE6-6D55-4AB4-83C4-F16A013161C9}.AppStore|iPhoneSimulator.Deploy.0 = Release|Any CPU
		{57158AE6-6D55-4AB4-83C4-F16A013161C9}.AppStore|x64.ActiveCfg = Release|Any CPU
		{57158AE6-6D55-4AB4-83C4-F16A013161C9}.AppStore|x64.Build.0 = Release|Any CPU
		{57158AE6-6D55-4AB4-83C4-F16A013161C9}.AppStore|x64.Deploy.0 = Release|Any CPU
		{57158AE6-6D55-4AB4-83C4-F16A013161C9}.AppStore|x86.ActiveCfg = Release|Any CPU
		{57158AE6-6D55-4AB4-83C4-F16A013161C9}.AppStore|x86.Build.0 = Release|Any CPU
		{57158AE6-6D55-4AB4-83C4-F16A013161C9}.AppStore|x86.Deploy.0 = Release|Any CPU
		{57158AE6-6D55-4AB4-83C4-F16A013161C9}.Debug|Any CPU.ActiveCfg = Debug|Any CPU
		{57158AE6-6D55-4AB4-83C4-F16A013161C9}.Debug|Any CPU.Build.0 = Debug|Any CPU
		{57158AE6-6D55-4AB4-83C4-F16A013161C9}.Debug|Any CPU.Deploy.0 = Debug|Any CPU
		{57158AE6-6D55-4AB4-83C4-F16A013161C9}.Debug|ARM.ActiveCfg = Debug|Any CPU
		{57158AE6-6D55-4AB4-83C4-F16A013161C9}.Debug|ARM.Build.0 = Debug|Any CPU
		{57158AE6-6D55-4AB4-83C4-F16A013161C9}.Debug|ARM.Deploy.0 = Debug|Any CPU
		{57158AE6-6D55-4AB4-83C4-F16A013161C9}.Debug|iPhone.ActiveCfg = Debug|Any CPU
		{57158AE6-6D55-4AB4-83C4-F16A013161C9}.Debug|iPhone.Build.0 = Debug|Any CPU
		{57158AE6-6D55-4AB4-83C4-F16A013161C9}.Debug|iPhone.Deploy.0 = Debug|Any CPU
		{57158AE6-6D55-4AB4-83C4-F16A013161C9}.Debug|iPhoneSimulator.ActiveCfg = Debug|Any CPU
		{57158AE6-6D55-4AB4-83C4-F16A013161C9}.Debug|iPhoneSimulator.Build.0 = Debug|Any CPU
		{57158AE6-6D55-4AB4-83C4-F16A013161C9}.Debug|iPhoneSimulator.Deploy.0 = Debug|Any CPU
		{57158AE6-6D55-4AB4-83C4-F16A013161C9}.Debug|x64.ActiveCfg = Debug|Any CPU
		{57158AE6-6D55-4AB4-83C4-F16A013161C9}.Debug|x64.Build.0 = Debug|Any CPU
		{57158AE6-6D55-4AB4-83C4-F16A013161C9}.Debug|x64.Deploy.0 = Debug|Any CPU
		{57158AE6-6D55-4AB4-83C4-F16A013161C9}.Debug|x86.ActiveCfg = Debug|Any CPU
		{57158AE6-6D55-4AB4-83C4-F16A013161C9}.Debug|x86.Build.0 = Debug|Any CPU
		{57158AE6-6D55-4AB4-83C4-F16A013161C9}.Debug|x86.Deploy.0 = Debug|Any CPU
		{57158AE6-6D55-4AB4-83C4-F16A013161C9}.Release|Any CPU.ActiveCfg = Release|Any CPU
		{57158AE6-6D55-4AB4-83C4-F16A013161C9}.Release|Any CPU.Build.0 = Release|Any CPU
		{57158AE6-6D55-4AB4-83C4-F16A013161C9}.Release|Any CPU.Deploy.0 = Release|Any CPU
		{57158AE6-6D55-4AB4-83C4-F16A013161C9}.Release|ARM.ActiveCfg = Release|Any CPU
		{57158AE6-6D55-4AB4-83C4-F16A013161C9}.Release|ARM.Build.0 = Release|Any CPU
		{57158AE6-6D55-4AB4-83C4-F16A013161C9}.Release|ARM.Deploy.0 = Release|Any CPU
		{57158AE6-6D55-4AB4-83C4-F16A013161C9}.Release|iPhone.ActiveCfg = Release|Any CPU
		{57158AE6-6D55-4AB4-83C4-F16A013161C9}.Release|iPhone.Build.0 = Release|Any CPU
		{57158AE6-6D55-4AB4-83C4-F16A013161C9}.Release|iPhone.Deploy.0 = Release|Any CPU
		{57158AE6-6D55-4AB4-83C4-F16A013161C9}.Release|iPhoneSimulator.ActiveCfg = Release|Any CPU
		{57158AE6-6D55-4AB4-83C4-F16A013161C9}.Release|iPhoneSimulator.Build.0 = Release|Any CPU
		{57158AE6-6D55-4AB4-83C4-F16A013161C9}.Release|iPhoneSimulator.Deploy.0 = Release|Any CPU
		{57158AE6-6D55-4AB4-83C4-F16A013161C9}.Release|x64.ActiveCfg = Release|Any CPU
		{57158AE6-6D55-4AB4-83C4-F16A013161C9}.Release|x64.Build.0 = Release|Any CPU
		{57158AE6-6D55-4AB4-83C4-F16A013161C9}.Release|x64.Deploy.0 = Release|Any CPU
		{57158AE6-6D55-4AB4-83C4-F16A013161C9}.Release|x86.ActiveCfg = Release|Any CPU
		{57158AE6-6D55-4AB4-83C4-F16A013161C9}.Release|x86.Build.0 = Release|Any CPU
		{57158AE6-6D55-4AB4-83C4-F16A013161C9}.Release|x86.Deploy.0 = Release|Any CPU
		{C4254ED0-AC21-42BA-A5FA-7DFAEBE04CDC}.Ad-Hoc|Any CPU.ActiveCfg = Ad-Hoc|iPhone
		{C4254ED0-AC21-42BA-A5FA-7DFAEBE04CDC}.Ad-Hoc|ARM.ActiveCfg = Ad-Hoc|iPhone
		{C4254ED0-AC21-42BA-A5FA-7DFAEBE04CDC}.Ad-Hoc|iPhone.ActiveCfg = Ad-Hoc|iPhone
		{C4254ED0-AC21-42BA-A5FA-7DFAEBE04CDC}.Ad-Hoc|iPhone.Build.0 = Ad-Hoc|iPhone
		{C4254ED0-AC21-42BA-A5FA-7DFAEBE04CDC}.Ad-Hoc|iPhoneSimulator.ActiveCfg = Ad-Hoc|iPhoneSimulator
		{C4254ED0-AC21-42BA-A5FA-7DFAEBE04CDC}.Ad-Hoc|iPhoneSimulator.Build.0 = Ad-Hoc|iPhoneSimulator
		{C4254ED0-AC21-42BA-A5FA-7DFAEBE04CDC}.Ad-Hoc|x64.ActiveCfg = Ad-Hoc|iPhone
		{C4254ED0-AC21-42BA-A5FA-7DFAEBE04CDC}.Ad-Hoc|x86.ActiveCfg = Ad-Hoc|iPhone
		{C4254ED0-AC21-42BA-A5FA-7DFAEBE04CDC}.AppStore|Any CPU.ActiveCfg = AppStore|iPhone
		{C4254ED0-AC21-42BA-A5FA-7DFAEBE04CDC}.AppStore|ARM.ActiveCfg = AppStore|iPhone
		{C4254ED0-AC21-42BA-A5FA-7DFAEBE04CDC}.AppStore|iPhone.ActiveCfg = AppStore|iPhone
		{C4254ED0-AC21-42BA-A5FA-7DFAEBE04CDC}.AppStore|iPhone.Build.0 = AppStore|iPhone
		{C4254ED0-AC21-42BA-A5FA-7DFAEBE04CDC}.AppStore|iPhoneSimulator.ActiveCfg = AppStore|iPhoneSimulator
		{C4254ED0-AC21-42BA-A5FA-7DFAEBE04CDC}.AppStore|iPhoneSimulator.Build.0 = AppStore|iPhoneSimulator
		{C4254ED0-AC21-42BA-A5FA-7DFAEBE04CDC}.AppStore|x64.ActiveCfg = AppStore|iPhone
		{C4254ED0-AC21-42BA-A5FA-7DFAEBE04CDC}.AppStore|x86.ActiveCfg = AppStore|iPhone
		{C4254ED0-AC21-42BA-A5FA-7DFAEBE04CDC}.Debug|Any CPU.ActiveCfg = Debug|iPhone
		{C4254ED0-AC21-42BA-A5FA-7DFAEBE04CDC}.Debug|ARM.ActiveCfg = Debug|iPhone
		{C4254ED0-AC21-42BA-A5FA-7DFAEBE04CDC}.Debug|iPhone.ActiveCfg = Debug|iPhone
		{C4254ED0-AC21-42BA-A5FA-7DFAEBE04CDC}.Debug|iPhone.Build.0 = Debug|iPhone
		{C4254ED0-AC21-42BA-A5FA-7DFAEBE04CDC}.Debug|iPhoneSimulator.ActiveCfg = Debug|iPhoneSimulator
		{C4254ED0-AC21-42BA-A5FA-7DFAEBE04CDC}.Debug|iPhoneSimulator.Build.0 = Debug|iPhoneSimulator
		{C4254ED0-AC21-42BA-A5FA-7DFAEBE04CDC}.Debug|x64.ActiveCfg = Debug|iPhone
		{C4254ED0-AC21-42BA-A5FA-7DFAEBE04CDC}.Debug|x86.ActiveCfg = Debug|iPhone
		{C4254ED0-AC21-42BA-A5FA-7DFAEBE04CDC}.Release|Any CPU.ActiveCfg = Release|iPhone
		{C4254ED0-AC21-42BA-A5FA-7DFAEBE04CDC}.Release|ARM.ActiveCfg = Release|iPhone
		{C4254ED0-AC21-42BA-A5FA-7DFAEBE04CDC}.Release|iPhone.ActiveCfg = Release|iPhone
		{C4254ED0-AC21-42BA-A5FA-7DFAEBE04CDC}.Release|iPhone.Build.0 = Release|iPhone
		{C4254ED0-AC21-42BA-A5FA-7DFAEBE04CDC}.Release|iPhoneSimulator.ActiveCfg = Release|iPhoneSimulator
		{C4254ED0-AC21-42BA-A5FA-7DFAEBE04CDC}.Release|iPhoneSimulator.Build.0 = Release|iPhoneSimulator
		{C4254ED0-AC21-42BA-A5FA-7DFAEBE04CDC}.Release|x64.ActiveCfg = Release|iPhone
		{C4254ED0-AC21-42BA-A5FA-7DFAEBE04CDC}.Release|x86.ActiveCfg = Release|iPhone
		{FA779425-8D0B-46A9-B9B6-8DE880938720}.Ad-Hoc|Any CPU.ActiveCfg = Debug|Any CPU
		{FA779425-8D0B-46A9-B9B6-8DE880938720}.Ad-Hoc|Any CPU.Build.0 = Debug|Any CPU
		{FA779425-8D0B-46A9-B9B6-8DE880938720}.Ad-Hoc|ARM.ActiveCfg = Debug|Any CPU
		{FA779425-8D0B-46A9-B9B6-8DE880938720}.Ad-Hoc|ARM.Build.0 = Debug|Any CPU
		{FA779425-8D0B-46A9-B9B6-8DE880938720}.Ad-Hoc|iPhone.ActiveCfg = Debug|Any CPU
		{FA779425-8D0B-46A9-B9B6-8DE880938720}.Ad-Hoc|iPhone.Build.0 = Debug|Any CPU
		{FA779425-8D0B-46A9-B9B6-8DE880938720}.Ad-Hoc|iPhoneSimulator.ActiveCfg = Debug|Any CPU
		{FA779425-8D0B-46A9-B9B6-8DE880938720}.Ad-Hoc|iPhoneSimulator.Build.0 = Debug|Any CPU
		{FA779425-8D0B-46A9-B9B6-8DE880938720}.Ad-Hoc|x64.ActiveCfg = Debug|Any CPU
		{FA779425-8D0B-46A9-B9B6-8DE880938720}.Ad-Hoc|x64.Build.0 = Debug|Any CPU
		{FA779425-8D0B-46A9-B9B6-8DE880938720}.Ad-Hoc|x86.ActiveCfg = Debug|Any CPU
		{FA779425-8D0B-46A9-B9B6-8DE880938720}.Ad-Hoc|x86.Build.0 = Debug|Any CPU
		{FA779425-8D0B-46A9-B9B6-8DE880938720}.AppStore|Any CPU.ActiveCfg = Debug|Any CPU
		{FA779425-8D0B-46A9-B9B6-8DE880938720}.AppStore|Any CPU.Build.0 = Debug|Any CPU
		{FA779425-8D0B-46A9-B9B6-8DE880938720}.AppStore|ARM.ActiveCfg = Debug|Any CPU
		{FA779425-8D0B-46A9-B9B6-8DE880938720}.AppStore|ARM.Build.0 = Debug|Any CPU
		{FA779425-8D0B-46A9-B9B6-8DE880938720}.AppStore|iPhone.ActiveCfg = Debug|Any CPU
		{FA779425-8D0B-46A9-B9B6-8DE880938720}.AppStore|iPhone.Build.0 = Debug|Any CPU
		{FA779425-8D0B-46A9-B9B6-8DE880938720}.AppStore|iPhoneSimulator.ActiveCfg = Debug|Any CPU
		{FA779425-8D0B-46A9-B9B6-8DE880938720}.AppStore|iPhoneSimulator.Build.0 = Debug|Any CPU
		{FA779425-8D0B-46A9-B9B6-8DE880938720}.AppStore|x64.ActiveCfg = Debug|Any CPU
		{FA779425-8D0B-46A9-B9B6-8DE880938720}.AppStore|x64.Build.0 = Debug|Any CPU
		{FA779425-8D0B-46A9-B9B6-8DE880938720}.AppStore|x86.ActiveCfg = Debug|Any CPU
		{FA779425-8D0B-46A9-B9B6-8DE880938720}.AppStore|x86.Build.0 = Debug|Any CPU
		{FA779425-8D0B-46A9-B9B6-8DE880938720}.Debug|Any CPU.ActiveCfg = Debug|Any CPU
		{FA779425-8D0B-46A9-B9B6-8DE880938720}.Debug|Any CPU.Build.0 = Debug|Any CPU
		{FA779425-8D0B-46A9-B9B6-8DE880938720}.Debug|ARM.ActiveCfg = Debug|Any CPU
		{FA779425-8D0B-46A9-B9B6-8DE880938720}.Debug|ARM.Build.0 = Debug|Any CPU
		{FA779425-8D0B-46A9-B9B6-8DE880938720}.Debug|iPhone.ActiveCfg = Debug|Any CPU
		{FA779425-8D0B-46A9-B9B6-8DE880938720}.Debug|iPhone.Build.0 = Debug|Any CPU
		{FA779425-8D0B-46A9-B9B6-8DE880938720}.Debug|iPhoneSimulator.ActiveCfg = Debug|Any CPU
		{FA779425-8D0B-46A9-B9B6-8DE880938720}.Debug|iPhoneSimulator.Build.0 = Debug|Any CPU
		{FA779425-8D0B-46A9-B9B6-8DE880938720}.Debug|x64.ActiveCfg = Debug|Any CPU
		{FA779425-8D0B-46A9-B9B6-8DE880938720}.Debug|x64.Build.0 = Debug|Any CPU
		{FA779425-8D0B-46A9-B9B6-8DE880938720}.Debug|x86.ActiveCfg = Debug|Any CPU
		{FA779425-8D0B-46A9-B9B6-8DE880938720}.Debug|x86.Build.0 = Debug|Any CPU
		{FA779425-8D0B-46A9-B9B6-8DE880938720}.Release|Any CPU.ActiveCfg = Release|Any CPU
		{FA779425-8D0B-46A9-B9B6-8DE880938720}.Release|Any CPU.Build.0 = Release|Any CPU
		{FA779425-8D0B-46A9-B9B6-8DE880938720}.Release|ARM.ActiveCfg = Release|Any CPU
		{FA779425-8D0B-46A9-B9B6-8DE880938720}.Release|ARM.Build.0 = Release|Any CPU
		{FA779425-8D0B-46A9-B9B6-8DE880938720}.Release|iPhone.ActiveCfg = Release|Any CPU
		{FA779425-8D0B-46A9-B9B6-8DE880938720}.Release|iPhone.Build.0 = Release|Any CPU
		{FA779425-8D0B-46A9-B9B6-8DE880938720}.Release|iPhoneSimulator.ActiveCfg = Release|Any CPU
		{FA779425-8D0B-46A9-B9B6-8DE880938720}.Release|iPhoneSimulator.Build.0 = Release|Any CPU
		{FA779425-8D0B-46A9-B9B6-8DE880938720}.Release|x64.ActiveCfg = Release|Any CPU
		{FA779425-8D0B-46A9-B9B6-8DE880938720}.Release|x64.Build.0 = Release|Any CPU
		{FA779425-8D0B-46A9-B9B6-8DE880938720}.Release|x86.ActiveCfg = Release|Any CPU
		{FA779425-8D0B-46A9-B9B6-8DE880938720}.Release|x86.Build.0 = Release|Any CPU
		{CA0E55FF-1CEA-4142-ABD5-138110F79478}.Ad-Hoc|Any CPU.ActiveCfg = Debug|Any CPU
		{CA0E55FF-1CEA-4142-ABD5-138110F79478}.Ad-Hoc|Any CPU.Build.0 = Debug|Any CPU
		{CA0E55FF-1CEA-4142-ABD5-138110F79478}.Ad-Hoc|ARM.ActiveCfg = Debug|Any CPU
		{CA0E55FF-1CEA-4142-ABD5-138110F79478}.Ad-Hoc|ARM.Build.0 = Debug|Any CPU
		{CA0E55FF-1CEA-4142-ABD5-138110F79478}.Ad-Hoc|iPhone.ActiveCfg = Debug|Any CPU
		{CA0E55FF-1CEA-4142-ABD5-138110F79478}.Ad-Hoc|iPhone.Build.0 = Debug|Any CPU
		{CA0E55FF-1CEA-4142-ABD5-138110F79478}.Ad-Hoc|iPhoneSimulator.ActiveCfg = Debug|Any CPU
		{CA0E55FF-1CEA-4142-ABD5-138110F79478}.Ad-Hoc|iPhoneSimulator.Build.0 = Debug|Any CPU
		{CA0E55FF-1CEA-4142-ABD5-138110F79478}.Ad-Hoc|x64.ActiveCfg = Debug|Any CPU
		{CA0E55FF-1CEA-4142-ABD5-138110F79478}.Ad-Hoc|x64.Build.0 = Debug|Any CPU
		{CA0E55FF-1CEA-4142-ABD5-138110F79478}.Ad-Hoc|x86.ActiveCfg = Debug|Any CPU
		{CA0E55FF-1CEA-4142-ABD5-138110F79478}.Ad-Hoc|x86.Build.0 = Debug|Any CPU
		{CA0E55FF-1CEA-4142-ABD5-138110F79478}.AppStore|Any CPU.ActiveCfg = Debug|Any CPU
		{CA0E55FF-1CEA-4142-ABD5-138110F79478}.AppStore|Any CPU.Build.0 = Debug|Any CPU
		{CA0E55FF-1CEA-4142-ABD5-138110F79478}.AppStore|ARM.ActiveCfg = Debug|Any CPU
		{CA0E55FF-1CEA-4142-ABD5-138110F79478}.AppStore|ARM.Build.0 = Debug|Any CPU
		{CA0E55FF-1CEA-4142-ABD5-138110F79478}.AppStore|iPhone.ActiveCfg = Debug|Any CPU
		{CA0E55FF-1CEA-4142-ABD5-138110F79478}.AppStore|iPhone.Build.0 = Debug|Any CPU
		{CA0E55FF-1CEA-4142-ABD5-138110F79478}.AppStore|iPhoneSimulator.ActiveCfg = Debug|Any CPU
		{CA0E55FF-1CEA-4142-ABD5-138110F79478}.AppStore|iPhoneSimulator.Build.0 = Debug|Any CPU
		{CA0E55FF-1CEA-4142-ABD5-138110F79478}.AppStore|x64.ActiveCfg = Debug|Any CPU
		{CA0E55FF-1CEA-4142-ABD5-138110F79478}.AppStore|x64.Build.0 = Debug|Any CPU
		{CA0E55FF-1CEA-4142-ABD5-138110F79478}.AppStore|x86.ActiveCfg = Debug|Any CPU
		{CA0E55FF-1CEA-4142-ABD5-138110F79478}.AppStore|x86.Build.0 = Debug|Any CPU
		{CA0E55FF-1CEA-4142-ABD5-138110F79478}.Debug|Any CPU.ActiveCfg = Debug|Any CPU
		{CA0E55FF-1CEA-4142-ABD5-138110F79478}.Debug|Any CPU.Build.0 = Debug|Any CPU
		{CA0E55FF-1CEA-4142-ABD5-138110F79478}.Debug|ARM.ActiveCfg = Debug|Any CPU
		{CA0E55FF-1CEA-4142-ABD5-138110F79478}.Debug|ARM.Build.0 = Debug|Any CPU
		{CA0E55FF-1CEA-4142-ABD5-138110F79478}.Debug|iPhone.ActiveCfg = Debug|Any CPU
		{CA0E55FF-1CEA-4142-ABD5-138110F79478}.Debug|iPhone.Build.0 = Debug|Any CPU
		{CA0E55FF-1CEA-4142-ABD5-138110F79478}.Debug|iPhoneSimulator.ActiveCfg = Debug|Any CPU
		{CA0E55FF-1CEA-4142-ABD5-138110F79478}.Debug|iPhoneSimulator.Build.0 = Debug|Any CPU
		{CA0E55FF-1CEA-4142-ABD5-138110F79478}.Debug|x64.ActiveCfg = Debug|Any CPU
		{CA0E55FF-1CEA-4142-ABD5-138110F79478}.Debug|x64.Build.0 = Debug|Any CPU
		{CA0E55FF-1CEA-4142-ABD5-138110F79478}.Debug|x86.ActiveCfg = Debug|Any CPU
		{CA0E55FF-1CEA-4142-ABD5-138110F79478}.Debug|x86.Build.0 = Debug|Any CPU
		{CA0E55FF-1CEA-4142-ABD5-138110F79478}.Release|Any CPU.ActiveCfg = Release|Any CPU
		{CA0E55FF-1CEA-4142-ABD5-138110F79478}.Release|Any CPU.Build.0 = Release|Any CPU
		{CA0E55FF-1CEA-4142-ABD5-138110F79478}.Release|ARM.ActiveCfg = Release|Any CPU
		{CA0E55FF-1CEA-4142-ABD5-138110F79478}.Release|ARM.Build.0 = Release|Any CPU
		{CA0E55FF-1CEA-4142-ABD5-138110F79478}.Release|iPhone.ActiveCfg = Release|Any CPU
		{CA0E55FF-1CEA-4142-ABD5-138110F79478}.Release|iPhone.Build.0 = Release|Any CPU
		{CA0E55FF-1CEA-4142-ABD5-138110F79478}.Release|iPhoneSimulator.ActiveCfg = Release|Any CPU
		{CA0E55FF-1CEA-4142-ABD5-138110F79478}.Release|iPhoneSimulator.Build.0 = Release|Any CPU
		{CA0E55FF-1CEA-4142-ABD5-138110F79478}.Release|x64.ActiveCfg = Release|Any CPU
		{CA0E55FF-1CEA-4142-ABD5-138110F79478}.Release|x64.Build.0 = Release|Any CPU
		{CA0E55FF-1CEA-4142-ABD5-138110F79478}.Release|x86.ActiveCfg = Release|Any CPU
		{CA0E55FF-1CEA-4142-ABD5-138110F79478}.Release|x86.Build.0 = Release|Any CPU
	EndGlobalSection
	GlobalSection(SolutionProperties) = preSolution
		HideSolutionNode = FALSE
	EndGlobalSection
	GlobalSection(NestedProjects) = preSolution
		{57158AE6-6D55-4AB4-83C4-F16A013161C9} = {B48A1775-8785-465D-B4FA-4C44D4E24894}
		{C4254ED0-AC21-42BA-A5FA-7DFAEBE04CDC} = {B48A1775-8785-465D-B4FA-4C44D4E24894}
		{FA779425-8D0B-46A9-B9B6-8DE880938720} = {B48A1775-8785-465D-B4FA-4C44D4E24894}
		{CA0E55FF-1CEA-4142-ABD5-138110F79478} = {B48A1775-8785-465D-B4FA-4C44D4E24894}
	EndGlobalSection
	GlobalSection(ExtensibilityGlobals) = postSolution
		SolutionGuid = {AE987DA8-2CAC-4109-A57D-FF08E86A4D04}
	EndGlobalSection
EndGlobal
